
Microsoft Visual Studio Solution File, Format Version 12.00
# Visual Studio 14
VisualStudioVersion = 14.0.23107.0
MinimumVisualStudioVersion = 10.0.40219.1
Project("{159641D6-6404-4A2A-AE62-294DE0FE8301}") = "ETL_ErrorHandling_Phase2", "ETL_ErrorHandling_Phase2\ETL_ErrorHandling_Phase2.dtproj", "{8D0771C5-911A-415C-843B-18C311A0F5B0}"
EndProject
Global
	GlobalSection(SolutionConfigurationPlatforms) = preSolution
		Development|Default = Development|Default
	EndGlobalSection
	GlobalSection(ProjectConfigurationPlatforms) = postSolution
		{8D0771C5-911A-415C-843B-18C311A0F5B0}.Development|Default.ActiveCfg = Development
		{8D0771C5-911A-415C-843B-18C311A0F5B0}.Development|Default.Build.0 = Development
	EndGlobalSection
	GlobalSection(SolutionProperties) = preSolution
		HideSolutionNode = FALSE
	EndGlobalSection
EndGlobal
